
Microsoft Visual Studio Solution File, Format Version 12.00
# Visual Studio Version 17
VisualStudioVersion = 17.14.36623.8
MinimumVisualStudioVersion = 10.0.40219.1
Project("{2150E333-8FDC-42A3-9474-1A3956D46DE8}") = "Chapter00", "Chapter00", "{DDB4EF12-CC4E-5E88-E6FC-71A802F4DE97}"
EndProject
Project("{FAE04EC0-301F-11D3-BF4B-00C04F79EFBC}") = "Sample0416", "Chapter00\Sample0416\Sample0416.csproj", "{CC56E3CD-8DAC-4544-A79E-E5E757DE1134}"
	ProjectSection(ProjectDependencies) = postProject
		{22736329-D662-8EB0-EAA0-613461B8CE86} = {22736329-D662-8EB0-EAA0-613461B8CE86}
		{907234F2-F589-4B83-895D-CD39231F06D4} = {907234F2-F589-4B83-895D-CD39231F06D4}
	EndProjectSection
EndProject
Project("{FAE04EC0-301F-11D3-BF4B-00C04F79EFBC}") = "Sample0415", "Chapter00\Sample0415\Sample0415\Sample0415.csproj", "{D0F00D84-AD20-C5D6-67FE-85D6CB59A7CE}"
EndProject
Project("{FAE04EC0-301F-11D3-BF4B-00C04F79EFBC}") = "Sample0413", "Chapter00\Sample0413\Sample0413\Sample0413.csproj", "{EB11C1AF-3BBE-9D8B-B13B-CEF382F22312}"
EndProject
Project("{2150E333-8FDC-42A3-9474-1A3956D46DE8}") = "Chapter01", "Chapter01", "{D1532916-89AA-4D35-9C43-9E4173AB4C12}"
EndProject
Project("{2150E333-8FDC-42A3-9474-1A3956D46DE8}") = "Chapter02", "Chapter02", "{64BB4ECD-3DE2-4F10-9114-0D5FC0823BBB}"
EndProject
Project("{2150E333-8FDC-42A3-9474-1A3956D46DE8}") = "距離換算プログラム", "距離換算プログラム", "{6A4588D7-F705-421A-AE27-66DF870E03D8}"
EndProject
Project("{2150E333-8FDC-42A3-9474-1A3956D46DE8}") = "Chapter04", "Chapter04", "{49AC496B-9841-4560-94A8-99ECA6815AC4}"
EndProject
Project("{2150E333-8FDC-42A3-9474-1A3956D46DE8}") = "P108_文字列を数値に変換する", "P108_文字列を数値に変換する", "{D5FB6405-F9CF-40D5-A8FE-94A317B4E31A}"
EndProject
Project("{FAE04EC0-301F-11D3-BF4B-00C04F79EFBC}") = "Code4_36", "Chapter04\P108_文字列を数値に変換する\Code4_36\Code4_36.csproj", "{907234F2-F589-4B83-895D-CD39231F06D4}"
EndProject
Project("{FAE04EC0-301F-11D3-BF4B-00C04F79EFBC}") = "DistanceConverter", "DistanceConverter\DistanceConverter.csproj", "{AA3D3310-5991-4319-B005-DFCC273C31CD}"
EndProject
Project("{2150E333-8FDC-42A3-9474-1A3956D46DE8}") = "演習問題", "演習問題", "{69D91B55-99C2-4AEB-963B-751DD58E7A62}"
EndProject
Project("{FAE04EC0-301F-11D3-BF4B-00C04F79EFBC}") = "Exercise01", "Chapter02\演習問題\Exercise01\Exercise01.csproj", "{44B1290D-5846-49AA-8166-8E40D18189E8}"
EndProject
Project("{FAE04EC0-301F-11D3-BF4B-00C04F79EFBC}") = "Exercise02", "Chapter02\演習問題\Exercise02\Exercise02.csproj", "{A4CD4107-B726-4084-9EE9-E35885F88A8F}"
EndProject
Project("{2150E333-8FDC-42A3-9474-1A3956D46DE8}") = "Chapter03", "Chapter03", "{30317225-F168-4DB6-BB37-13AFE9F818F7}"
EndProject
Project("{2150E333-8FDC-42A3-9474-1A3956D46DE8}") = "ラムダ式とLINQ", "ラムダ式とLINQ", "{9CD253A4-2CE5-48BA-9E69-95200AEFB903}"
EndProject
Project("{FAE04EC0-301F-11D3-BF4B-00C04F79EFBC}") = "Section01", "Chapter03\ラムダ式とLINQ\Section01\Section01.csproj", "{0CAF6397-4432-40FB-BF7E-8FEBBF262BF1}"
EndProject
Project("{2150E333-8FDC-42A3-9474-1A3956D46DE8}") = "演習問題", "演習問題", "{AC5F8F6A-D570-4C11-A7A3-B8364E45FF4A}"
EndProject
Project("{FAE04EC0-301F-11D3-BF4B-00C04F79EFBC}") = "Exercise01", "Chapter03\演習問題\Exercise01\Exercise01.csproj", "{4D651BE7-BBBE-41E7-9B18-6AEBDB21E6D1}"
EndProject
Project("{FAE04EC0-301F-11D3-BF4B-00C04F79EFBC}") = "Exercise02", "Chapter03\演習問題\Exercise02\Exercise02.csproj", "{38AF4011-B89A-4AFF-95F0-4F9621A4B49E}"
EndProject
Project("{2150E333-8FDC-42A3-9474-1A3956D46DE8}") = "P098_nullに関するイディオム", "P098_nullに関するイディオム", "{80C478A0-ED98-4776-AD95-852EB29B03FA}"
EndProject
Project("{2150E333-8FDC-42A3-9474-1A3956D46DE8}") = "演習問題", "演習問題", "{B2574D2C-3A2B-4EC6-903E-3EBB22867DBC}"
EndProject
Project("{FAE04EC0-301F-11D3-BF4B-00C04F79EFBC}") = "Exercise01", "Chapter04\演習問題\Exercise01\Exercise01.csproj", "{DB33C571-C03B-495D-ABF7-5DE4389750B5}"
EndProject
Project("{FAE04EC0-301F-11D3-BF4B-00C04F79EFBC}") = "Section04", "Chapter04\P108_nullに関するイディオム\Section04.csproj", "{0B88DB0F-DF10-C1D6-0901-F68BFF917F8A}"
EndProject
Project("{FAE04EC0-301F-11D3-BF4B-00C04F79EFBC}") = "Exercise02", "Chapter04\演習問題\Exercise02\Exercise02.csproj", "{C1D63E63-E64B-FCB7-4276-5EBCB0FEC291}"
EndProject
Project("{2150E333-8FDC-42A3-9474-1A3956D46DE8}") = "Chapter05", "Chapter05", "{74320148-C48C-4688-9E3C-E7EDEA9C3477}"
EndProject
Project("{2150E333-8FDC-42A3-9474-1A3956D46DE8}") = "プロパティに関するイディオム", "プロパティに関するイディオム", "{1EDED15F-0733-4B6E-822B-1BB43D4565D0}"
EndProject
Project("{FAE04EC0-301F-11D3-BF4B-00C04F79EFBC}") = "Section01", "Chapter05\プロパティに関するイディオム\Section01\Section01.csproj", "{B0DB40DA-282B-437B-AE3B-03EDF4E593E7}"
EndProject
Project("{2150E333-8FDC-42A3-9474-1A3956D46DE8}") = "メソッドに関するイディオム", "メソッドに関するイディオム", "{4726E748-3B09-4751-B7AA-932DD025F860}"
EndProject
Project("{FAE04EC0-301F-11D3-BF4B-00C04F79EFBC}") = "Section02", "Chapter05\メソッドに関するイディオム\Section02\Section02.csproj", "{4539BA03-5897-48CF-A8E0-B5B80F674E21}"
EndProject
Project("{2150E333-8FDC-42A3-9474-1A3956D46DE8}") = "演習問題", "演習問題", "{A9D5E523-AD07-4D07-87DD-062E7853CCA5}"
EndProject
Project("{FAE04EC0-301F-11D3-BF4B-00C04F79EFBC}") = "Exercise01", "Chapter05\演習問題\Exercise01\Exercise01.csproj", "{22736329-D662-8EB0-EAA0-613461B8CE86}"
EndProject
Project("{FAE04EC0-301F-11D3-BF4B-00C04F79EFBC}") = "Exercise02", "Chapter05\演習問題\Exercise02\Exercise02.csproj", "{C55C132E-CA63-45A1-8719-6F279D7D377F}"
EndProject
Global
	GlobalSection(SolutionConfigurationPlatforms) = preSolution
		Debug|Any CPU = Debug|Any CPU
		Release|Any CPU = Release|Any CPU
	EndGlobalSection
	GlobalSection(ProjectConfigurationPlatforms) = postSolution
		{CC56E3CD-8DAC-4544-A79E-E5E757DE1134}.Debug|Any CPU.ActiveCfg = Debug|Any CPU
		{CC56E3CD-8DAC-4544-A79E-E5E757DE1134}.Debug|Any CPU.Build.0 = Debug|Any CPU
		{CC56E3CD-8DAC-4544-A79E-E5E757DE1134}.Release|Any CPU.ActiveCfg = Release|Any CPU
		{CC56E3CD-8DAC-4544-A79E-E5E757DE1134}.Release|Any CPU.Build.0 = Release|Any CPU
		{D0F00D84-AD20-C5D6-67FE-85D6CB59A7CE}.Debug|Any CPU.ActiveCfg = Debug|Any CPU
		{D0F00D84-AD20-C5D6-67FE-85D6CB59A7CE}.Debug|Any CPU.Build.0 = Debug|Any CPU
		{D0F00D84-AD20-C5D6-67FE-85D6CB59A7CE}.Release|Any CPU.ActiveCfg = Release|Any CPU
		{D0F00D84-AD20-C5D6-67FE-85D6CB59A7CE}.Release|Any CPU.Build.0 = Release|Any CPU
		{EB11C1AF-3BBE-9D8B-B13B-CEF382F22312}.Debug|Any CPU.ActiveCfg = Debug|Any CPU
		{EB11C1AF-3BBE-9D8B-B13B-CEF382F22312}.Debug|Any CPU.Build.0 = Debug|Any CPU
		{EB11C1AF-3BBE-9D8B-B13B-CEF382F22312}.Release|Any CPU.ActiveCfg = Release|Any CPU
		{EB11C1AF-3BBE-9D8B-B13B-CEF382F22312}.Release|Any CPU.Build.0 = Release|Any CPU
		{907234F2-F589-4B83-895D-CD39231F06D4}.Debug|Any CPU.ActiveCfg = Debug|Any CPU
		{907234F2-F589-4B83-895D-CD39231F06D4}.Debug|Any CPU.Build.0 = Debug|Any CPU
		{907234F2-F589-4B83-895D-CD39231F06D4}.Release|Any CPU.ActiveCfg = Release|Any CPU
		{907234F2-F589-4B83-895D-CD39231F06D4}.Release|Any CPU.Build.0 = Release|Any CPU
		{AA3D3310-5991-4319-B005-DFCC273C31CD}.Debug|Any CPU.ActiveCfg = Debug|Any CPU
		{AA3D3310-5991-4319-B005-DFCC273C31CD}.Debug|Any CPU.Build.0 = Debug|Any CPU
		{AA3D3310-5991-4319-B005-DFCC273C31CD}.Release|Any CPU.ActiveCfg = Release|Any CPU
		{AA3D3310-5991-4319-B005-DFCC273C31CD}.Release|Any CPU.Build.0 = Release|Any CPU
		{44B1290D-5846-49AA-8166-8E40D18189E8}.Debug|Any CPU.ActiveCfg = Debug|Any CPU
		{44B1290D-5846-49AA-8166-8E40D18189E8}.Debug|Any CPU.Build.0 = Debug|Any CPU
		{44B1290D-5846-49AA-8166-8E40D18189E8}.Release|Any CPU.ActiveCfg = Release|Any CPU
		{44B1290D-5846-49AA-8166-8E40D18189E8}.Release|Any CPU.Build.0 = Release|Any CPU
		{A4CD4107-B726-4084-9EE9-E35885F88A8F}.Debug|Any CPU.ActiveCfg = Debug|Any CPU
		{A4CD4107-B726-4084-9EE9-E35885F88A8F}.Debug|Any CPU.Build.0 = Debug|Any CPU
		{A4CD4107-B726-4084-9EE9-E35885F88A8F}.Release|Any CPU.ActiveCfg = Release|Any CPU
		{A4CD4107-B726-4084-9EE9-E35885F88A8F}.Release|Any CPU.Build.0 = Release|Any CPU
		{0CAF6397-4432-40FB-BF7E-8FEBBF262BF1}.Debug|Any CPU.ActiveCfg = Debug|Any CPU
		{0CAF6397-4432-40FB-BF7E-8FEBBF262BF1}.Debug|Any CPU.Build.0 = Debug|Any CPU
		{0CAF6397-4432-40FB-BF7E-8FEBBF262BF1}.Release|Any CPU.ActiveCfg = Release|Any CPU
		{0CAF6397-4432-40FB-BF7E-8FEBBF262BF1}.Release|Any CPU.Build.0 = Release|Any CPU
		{4D651BE7-BBBE-41E7-9B18-6AEBDB21E6D1}.Debug|Any CPU.ActiveCfg = Debug|Any CPU
		{4D651BE7-BBBE-41E7-9B18-6AEBDB21E6D1}.Debug|Any CPU.Build.0 = Debug|Any CPU
		{4D651BE7-BBBE-41E7-9B18-6AEBDB21E6D1}.Release|Any CPU.ActiveCfg = Release|Any CPU
		{4D651BE7-BBBE-41E7-9B18-6AEBDB21E6D1}.Release|Any CPU.Build.0 = Release|Any CPU
		{38AF4011-B89A-4AFF-95F0-4F9621A4B49E}.Debug|Any CPU.ActiveCfg = Debug|Any CPU
		{38AF4011-B89A-4AFF-95F0-4F9621A4B49E}.Debug|Any CPU.Build.0 = Debug|Any CPU
		{38AF4011-B89A-4AFF-95F0-4F9621A4B49E}.Release|Any CPU.ActiveCfg = Release|Any CPU
		{38AF4011-B89A-4AFF-95F0-4F9621A4B49E}.Release|Any CPU.Build.0 = Release|Any CPU
		{DB33C571-C03B-495D-ABF7-5DE4389750B5}.Debug|Any CPU.ActiveCfg = Debug|Any CPU
		{DB33C571-C03B-495D-ABF7-5DE4389750B5}.Debug|Any CPU.Build.0 = Debug|Any CPU
		{DB33C571-C03B-495D-ABF7-5DE4389750B5}.Release|Any CPU.ActiveCfg = Release|Any CPU
		{DB33C571-C03B-495D-ABF7-5DE4389750B5}.Release|Any CPU.Build.0 = Release|Any CPU
		{0B88DB0F-DF10-C1D6-0901-F68BFF917F8A}.Debug|Any CPU.ActiveCfg = Debug|Any CPU
		{0B88DB0F-DF10-C1D6-0901-F68BFF917F8A}.Debug|Any CPU.Build.0 = Debug|Any CPU
		{0B88DB0F-DF10-C1D6-0901-F68BFF917F8A}.Release|Any CPU.ActiveCfg = Release|Any CPU
		{0B88DB0F-DF10-C1D6-0901-F68BFF917F8A}.Release|Any CPU.Build.0 = Release|Any CPU
		{C1D63E63-E64B-FCB7-4276-5EBCB0FEC291}.Debug|Any CPU.ActiveCfg = Debug|Any CPU
		{C1D63E63-E64B-FCB7-4276-5EBCB0FEC291}.Debug|Any CPU.Build.0 = Debug|Any CPU
		{C1D63E63-E64B-FCB7-4276-5EBCB0FEC291}.Release|Any CPU.ActiveCfg = Release|Any CPU
		{C1D63E63-E64B-FCB7-4276-5EBCB0FEC291}.Release|Any CPU.Build.0 = Release|Any CPU
		{B0DB40DA-282B-437B-AE3B-03EDF4E593E7}.Debug|Any CPU.ActiveCfg = Debug|Any CPU
		{B0DB40DA-282B-437B-AE3B-03EDF4E593E7}.Debug|Any CPU.Build.0 = Debug|Any CPU
		{B0DB40DA-282B-437B-AE3B-03EDF4E593E7}.Release|Any CPU.ActiveCfg = Release|Any CPU
		{B0DB40DA-282B-437B-AE3B-03EDF4E593E7}.Release|Any CPU.Build.0 = Release|Any CPU
		{4539BA03-5897-48CF-A8E0-B5B80F674E21}.Debug|Any CPU.ActiveCfg = Debug|Any CPU
		{4539BA03-5897-48CF-A8E0-B5B80F674E21}.Debug|Any CPU.Build.0 = Debug|Any CPU
		{4539BA03-5897-48CF-A8E0-B5B80F674E21}.Release|Any CPU.ActiveCfg = Release|Any CPU
		{4539BA03-5897-48CF-A8E0-B5B80F674E21}.Release|Any CPU.Build.0 = Release|Any CPU
		{22736329-D662-8EB0-EAA0-613461B8CE86}.Debug|Any CPU.ActiveCfg = Debug|Any CPU
		{22736329-D662-8EB0-EAA0-613461B8CE86}.Debug|Any CPU.Build.0 = Debug|Any CPU
		{22736329-D662-8EB0-EAA0-613461B8CE86}.Release|Any CPU.ActiveCfg = Release|Any CPU
		{22736329-D662-8EB0-EAA0-613461B8CE86}.Release|Any CPU.Build.0 = Release|Any CPU
		{C55C132E-CA63-45A1-8719-6F279D7D377F}.Debug|Any CPU.ActiveCfg = Debug|Any CPU
		{C55C132E-CA63-45A1-8719-6F279D7D377F}.Debug|Any CPU.Build.0 = Debug|Any CPU
		{C55C132E-CA63-45A1-8719-6F279D7D377F}.Release|Any CPU.ActiveCfg = Release|Any CPU
		{C55C132E-CA63-45A1-8719-6F279D7D377F}.Release|Any CPU.Build.0 = Release|Any CPU
	EndGlobalSection
	GlobalSection(SolutionProperties) = preSolution
		HideSolutionNode = FALSE
	EndGlobalSection
	GlobalSection(NestedProjects) = preSolution
		{CC56E3CD-8DAC-4544-A79E-E5E757DE1134} = {DDB4EF12-CC4E-5E88-E6FC-71A802F4DE97}
		{D0F00D84-AD20-C5D6-67FE-85D6CB59A7CE} = {DDB4EF12-CC4E-5E88-E6FC-71A802F4DE97}
		{EB11C1AF-3BBE-9D8B-B13B-CEF382F22312} = {DDB4EF12-CC4E-5E88-E6FC-71A802F4DE97}
		{6A4588D7-F705-421A-AE27-66DF870E03D8} = {64BB4ECD-3DE2-4F10-9114-0D5FC0823BBB}
		{D5FB6405-F9CF-40D5-A8FE-94A317B4E31A} = {49AC496B-9841-4560-94A8-99ECA6815AC4}
		{907234F2-F589-4B83-895D-CD39231F06D4} = {D5FB6405-F9CF-40D5-A8FE-94A317B4E31A}
		{AA3D3310-5991-4319-B005-DFCC273C31CD} = {6A4588D7-F705-421A-AE27-66DF870E03D8}
		{69D91B55-99C2-4AEB-963B-751DD58E7A62} = {64BB4ECD-3DE2-4F10-9114-0D5FC0823BBB}
		{44B1290D-5846-49AA-8166-8E40D18189E8} = {69D91B55-99C2-4AEB-963B-751DD58E7A62}
		{A4CD4107-B726-4084-9EE9-E35885F88A8F} = {69D91B55-99C2-4AEB-963B-751DD58E7A62}
		{9CD253A4-2CE5-48BA-9E69-95200AEFB903} = {30317225-F168-4DB6-BB37-13AFE9F818F7}
		{0CAF6397-4432-40FB-BF7E-8FEBBF262BF1} = {9CD253A4-2CE5-48BA-9E69-95200AEFB903}
		{AC5F8F6A-D570-4C11-A7A3-B8364E45FF4A} = {30317225-F168-4DB6-BB37-13AFE9F818F7}
		{4D651BE7-BBBE-41E7-9B18-6AEBDB21E6D1} = {AC5F8F6A-D570-4C11-A7A3-B8364E45FF4A}
		{38AF4011-B89A-4AFF-95F0-4F9621A4B49E} = {AC5F8F6A-D570-4C11-A7A3-B8364E45FF4A}
		{80C478A0-ED98-4776-AD95-852EB29B03FA} = {49AC496B-9841-4560-94A8-99ECA6815AC4}
		{B2574D2C-3A2B-4EC6-903E-3EBB22867DBC} = {49AC496B-9841-4560-94A8-99ECA6815AC4}
		{DB33C571-C03B-495D-ABF7-5DE4389750B5} = {B2574D2C-3A2B-4EC6-903E-3EBB22867DBC}
		{0B88DB0F-DF10-C1D6-0901-F68BFF917F8A} = {80C478A0-ED98-4776-AD95-852EB29B03FA}
		{C1D63E63-E64B-FCB7-4276-5EBCB0FEC291} = {B2574D2C-3A2B-4EC6-903E-3EBB22867DBC}
		{1EDED15F-0733-4B6E-822B-1BB43D4565D0} = {74320148-C48C-4688-9E3C-E7EDEA9C3477}
		{B0DB40DA-282B-437B-AE3B-03EDF4E593E7} = {1EDED15F-0733-4B6E-822B-1BB43D4565D0}
		{4726E748-3B09-4751-B7AA-932DD025F860} = {74320148-C48C-4688-9E3C-E7EDEA9C3477}
		{4539BA03-5897-48CF-A8E0-B5B80F674E21} = {4726E748-3B09-4751-B7AA-932DD025F860}
		{A9D5E523-AD07-4D07-87DD-062E7853CCA5} = {74320148-C48C-4688-9E3C-E7EDEA9C3477}
		{22736329-D662-8EB0-EAA0-613461B8CE86} = {A9D5E523-AD07-4D07-87DD-062E7853CCA5}
		{C55C132E-CA63-45A1-8719-6F279D7D377F} = {A9D5E523-AD07-4D07-87DD-062E7853CCA5}
	EndGlobalSection
	GlobalSection(ExtensibilityGlobals) = postSolution
		SolutionGuid = {4415BF55-6D6E-4E0D-8256-F9084ABB5A5D}
	EndGlobalSection
EndGlobal
