
Microsoft Visual Studio Solution File, Format Version 12.00
# Visual Studio Version 17
VisualStudioVersion = 17.14.36623.8 d17.14
MinimumVisualStudioVersion = 10.0.40219.1
Project("{FAE04EC0-301F-11D3-BF4B-00C04F79EFBC}") = "Sample0413", "Sample0413\Sample0413.csproj", "{70C2AC05-E6EA-48C6-9DFB-036D712497BC}"
EndProject
Global
	GlobalSection(SolutionConfigurationPlatforms) = preSolution
		Debug|Any CPU = Debug|Any CPU
		Release|Any CPU = Release|Any CPU
	EndGlobalSection
	GlobalSection(ProjectConfigurationPlatforms) = postSolution
		{70C2AC05-E6EA-48C6-9DFB-036D712497BC}.Debug|Any CPU.ActiveCfg = Debug|Any CPU
		{70C2AC05-E6EA-48C6-9DFB-036D712497BC}.Debug|Any CPU.Build.0 = Debug|Any CPU
		{70C2AC05-E6EA-48C6-9DFB-036D712497BC}.Release|Any CPU.ActiveCfg = Release|Any CPU
		{70C2AC05-E6EA-48C6-9DFB-036D712497BC}.Release|Any CPU.Build.0 = Release|Any CPU
	EndGlobalSection
	GlobalSection(SolutionProperties) = preSolution
		HideSolutionNode = FALSE
	EndGlobalSection
	GlobalSection(ExtensibilityGlobals) = postSolution
		SolutionGuid = {D41F03AA-7B64-4EF8-8250-4BEE4805E74E}
	EndGlobalSection
EndGlobal
